
Microsoft Visual Studio Solution File, Format Version 12.00
# Visual Studio Version 17
VisualStudioVersion = 17.1.32319.34
MinimumVisualStudioVersion = 10.0.40219.1
Project("{9A19103F-16F7-4668-BE54-9A1E7A4F7556}") = "finalProject", "finalProject\finalProject.csproj", "{B63D2A3D-D4D7-45FF-B4DF-6EE3F751D25F}"
EndProject
Project("{9A19103F-16F7-4668-BE54-9A1E7A4F7556}") = "SudokuSolver", "SudokuSolver\SudokuSolver.csproj", "{68ADA378-DF6E-4AD5-B2F0-D797160F1036}"
EndProject
Project("{9A19103F-16F7-4668-BE54-9A1E7A4F7556}") = "SudokuSolverTest", "SudokuSolverTest\SudokuSolverTest.csproj", "{FF23C7C4-1AED-4436-B74A-B5C577D4A3D9}"
EndProject
Project("{9A19103F-16F7-4668-BE54-9A1E7A4F7556}") = "BruteForceSolver", "BruteForceSolver\BruteForceSolver.csproj", "{204037ED-9892-43A5-9296-8259C4681797}"
EndProject
Project("{9A19103F-16F7-4668-BE54-9A1E7A4F7556}") = "ComplexSolver", "ComplexSolver\ComplexSolver.csproj", "{4DC55E37-DE93-4CC5-B615-5CD4A46E41DE}"
EndProject
Project("{9A19103F-16F7-4668-BE54-9A1E7A4F7556}") = "Sudoku", "Sudoku\Sudoku.csproj", "{87EB8E04-5903-4D92-B32F-FA4DF949E70B}"
EndProject
Project("{9A19103F-16F7-4668-BE54-9A1E7A4F7556}") = "SudokuTest", "SudokuTest\SudokuTest.csproj", "{64E0B20C-6A8A-4C5A-A13B-C1687A74E92E}"
EndProject
Project("{9A19103F-16F7-4668-BE54-9A1E7A4F7556}") = "Servants", "Servants\Servants.csproj", "{F550DB7D-DCCF-4323-A98F-6B01F9F816E3}"
EndProject
Project("{FAE04EC0-301F-11D3-BF4B-00C04F79EFBC}") = "CSharpTest", "CSharpTest\CSharpTest.csproj", "{21F6718B-365C-4DFE-86AC-9D029164BD57}"
EndProject
Global
	GlobalSection(SolutionConfigurationPlatforms) = preSolution
		Debug|Any CPU = Debug|Any CPU
		Release|Any CPU = Release|Any CPU
	EndGlobalSection
	GlobalSection(ProjectConfigurationPlatforms) = postSolution
		{B63D2A3D-D4D7-45FF-B4DF-6EE3F751D25F}.Debug|Any CPU.ActiveCfg = Debug|Any CPU
		{B63D2A3D-D4D7-45FF-B4DF-6EE3F751D25F}.Debug|Any CPU.Build.0 = Debug|Any CPU
		{B63D2A3D-D4D7-45FF-B4DF-6EE3F751D25F}.Release|Any CPU.ActiveCfg = Release|Any CPU
		{B63D2A3D-D4D7-45FF-B4DF-6EE3F751D25F}.Release|Any CPU.Build.0 = Release|Any CPU
		{68ADA378-DF6E-4AD5-B2F0-D797160F1036}.Debug|Any CPU.ActiveCfg = Debug|Any CPU
		{68ADA378-DF6E-4AD5-B2F0-D797160F1036}.Debug|Any CPU.Build.0 = Debug|Any CPU
		{68ADA378-DF6E-4AD5-B2F0-D797160F1036}.Release|Any CPU.ActiveCfg = Release|Any CPU
		{68ADA378-DF6E-4AD5-B2F0-D797160F1036}.Release|Any CPU.Build.0 = Release|Any CPU
		{FF23C7C4-1AED-4436-B74A-B5C577D4A3D9}.Debug|Any CPU.ActiveCfg = Debug|Any CPU
		{FF23C7C4-1AED-4436-B74A-B5C577D4A3D9}.Debug|Any CPU.Build.0 = Debug|Any CPU
		{FF23C7C4-1AED-4436-B74A-B5C577D4A3D9}.Release|Any CPU.ActiveCfg = Release|Any CPU
		{FF23C7C4-1AED-4436-B74A-B5C577D4A3D9}.Release|Any CPU.Build.0 = Release|Any CPU
		{204037ED-9892-43A5-9296-8259C4681797}.Debug|Any CPU.ActiveCfg = Debug|Any CPU
		{204037ED-9892-43A5-9296-8259C4681797}.Debug|Any CPU.Build.0 = Debug|Any CPU
		{204037ED-9892-43A5-9296-8259C4681797}.Release|Any CPU.ActiveCfg = Release|Any CPU
		{204037ED-9892-43A5-9296-8259C4681797}.Release|Any CPU.Build.0 = Release|Any CPU
		{4DC55E37-DE93-4CC5-B615-5CD4A46E41DE}.Debug|Any CPU.ActiveCfg = Debug|Any CPU
		{4DC55E37-DE93-4CC5-B615-5CD4A46E41DE}.Debug|Any CPU.Build.0 = Debug|Any CPU
		{4DC55E37-DE93-4CC5-B615-5CD4A46E41DE}.Release|Any CPU.ActiveCfg = Release|Any CPU
		{4DC55E37-DE93-4CC5-B615-5CD4A46E41DE}.Release|Any CPU.Build.0 = Release|Any CPU
		{87EB8E04-5903-4D92-B32F-FA4DF949E70B}.Debug|Any CPU.ActiveCfg = Debug|Any CPU
		{87EB8E04-5903-4D92-B32F-FA4DF949E70B}.Debug|Any CPU.Build.0 = Debug|Any CPU
		{87EB8E04-5903-4D92-B32F-FA4DF949E70B}.Release|Any CPU.ActiveCfg = Release|Any CPU
		{87EB8E04-5903-4D92-B32F-FA4DF949E70B}.Release|Any CPU.Build.0 = Release|Any CPU
		{64E0B20C-6A8A-4C5A-A13B-C1687A74E92E}.Debug|Any CPU.ActiveCfg = Debug|Any CPU
		{64E0B20C-6A8A-4C5A-A13B-C1687A74E92E}.Debug|Any CPU.Build.0 = Debug|Any CPU
		{64E0B20C-6A8A-4C5A-A13B-C1687A74E92E}.Release|Any CPU.ActiveCfg = Release|Any CPU
		{64E0B20C-6A8A-4C5A-A13B-C1687A74E92E}.Release|Any CPU.Build.0 = Release|Any CPU
		{F550DB7D-DCCF-4323-A98F-6B01F9F816E3}.Debug|Any CPU.ActiveCfg = Debug|Any CPU
		{F550DB7D-DCCF-4323-A98F-6B01F9F816E3}.Debug|Any CPU.Build.0 = Debug|Any CPU
		{F550DB7D-DCCF-4323-A98F-6B01F9F816E3}.Release|Any CPU.ActiveCfg = Release|Any CPU
		{F550DB7D-DCCF-4323-A98F-6B01F9F816E3}.Release|Any CPU.Build.0 = Release|Any CPU
		{21F6718B-365C-4DFE-86AC-9D029164BD57}.Debug|Any CPU.ActiveCfg = Debug|Any CPU
		{21F6718B-365C-4DFE-86AC-9D029164BD57}.Debug|Any CPU.Build.0 = Debug|Any CPU
		{21F6718B-365C-4DFE-86AC-9D029164BD57}.Release|Any CPU.ActiveCfg = Release|Any CPU
		{21F6718B-365C-4DFE-86AC-9D029164BD57}.Release|Any CPU.Build.0 = Release|Any CPU
	EndGlobalSection
	GlobalSection(SolutionProperties) = preSolution
		HideSolutionNode = FALSE
	EndGlobalSection
	GlobalSection(ExtensibilityGlobals) = postSolution
		SolutionGuid = {BD4339E9-ED4F-482D-BEDC-73694C78B922}
	EndGlobalSection
EndGlobal
